
Microsoft Visual Studio Solution File, Format Version 12.00
Project("{FAE04EC0-301F-11D3-BF4B-00C04F79EFBC}") = "AquilaSolutions.LdesServer.Core", "core\AquilaSolutions.LdesServer.Core.csproj", "{79E9FD04-7BB8-49B0-9212-B3E546E3D68F}"
EndProject
Project("{FAE04EC0-301F-11D3-BF4B-00C04F79EFBC}") = "AquilaSolutions.LdesServer.Core.Test", "core.test\AquilaSolutions.LdesServer.Core.Test.csproj", "{A44BD4FC-4789-4D4F-B26E-83E00BCB611F}"
EndProject
Project("{FAE04EC0-301F-11D3-BF4B-00C04F79EFBC}") = "AquilaSolutions.LdesServer.Storage.Postgres", "postgres\AquilaSolutions.LdesServer.Storage.Postgres.csproj", "{42242518-5867-41EA-BE32-26C5E62ABA5C}"
EndProject
Project("{FAE04EC0-301F-11D3-BF4B-00C04F79EFBC}") = "AquilaSolutions.LdesServer.Administration", "administration\AquilaSolutions.LdesServer.Administration.csproj", "{2664296F-FB98-4137-A796-E9F4CBFA8182}"
EndProject
Project("{FAE04EC0-301F-11D3-BF4B-00C04F79EFBC}") = "AquilaSolutions.LdesServer.Ingestion", "ingestion\AquilaSolutions.LdesServer.Ingestion.csproj", "{BF9773E0-3AE3-499B-8D30-3D813C46D555}"
EndProject
Project("{FAE04EC0-301F-11D3-BF4B-00C04F79EFBC}") = "AquilaSolutions.LdesServer.Ingestion.Test", "ingestion.test\AquilaSolutions.LdesServer.Ingestion.Test.csproj", "{8A87C6AC-1394-4723-955D-4996C6813DAF}"
EndProject
Project("{FAE04EC0-301F-11D3-BF4B-00C04F79EFBC}") = "AquilaSolutions.LdesServer.Bucketization", "bucketization\AquilaSolutions.LdesServer.Bucketization.csproj", "{51033042-23EF-4422-B126-71229A9EDDFB}"
EndProject
Project("{FAE04EC0-301F-11D3-BF4B-00C04F79EFBC}") = "AquilaSolutions.LdesServer.Pagination", "pagination\AquilaSolutions.LdesServer.Pagination.csproj", "{C646062C-648B-4D3F-A696-D8002B828FD5}"
EndProject
Project("{FAE04EC0-301F-11D3-BF4B-00C04F79EFBC}") = "AquilaSolutions.LdesServer", "ldes-server\AquilaSolutions.LdesServer.csproj", "{9A6C4FCB-5FA8-4F66-A489-CAA1C5593DD0}"
EndProject
Project("{FAE04EC0-301F-11D3-BF4B-00C04F79EFBC}") = "AquilaSolutions.LdesServer.Serving", "serving\AquilaSolutions.LdesServer.Serving.csproj", "{34249450-8825-49A7-897D-477B3B64D2DA}"
EndProject
Project("{FAE04EC0-301F-11D3-BF4B-00C04F79EFBC}") = "AquilaSolutions.LdesServer.Administration.Test", "administration.test\AquilaSolutions.LdesServer.Administration.Test.csproj", "{0D1427DA-AA57-4BEC-BAE2-667F84165B14}"
EndProject
Project("{FAE04EC0-301F-11D3-BF4B-00C04F79EFBC}") = "AquilaSolutions.LdesServer.Serving.Test", "serving.test\AquilaSolutions.LdesServer.Serving.Test.csproj", "{9B31AFA0-8A79-45A2-A5D0-BF23637A8CF3}"
EndProject
Project("{FAE04EC0-301F-11D3-BF4B-00C04F79EFBC}") = "AquilaSolutions.LdesServer.Fragmentation", "fragmentation\AquilaSolutions.LdesServer.Fragmentation.csproj", "{C457A0D3-2700-4D1B-98C4-45278FE91B56}"
EndProject
Project("{FAE04EC0-301F-11D3-BF4B-00C04F79EFBC}") = "AquilaSolutions.LdesServer.Fragmentation.Test", "fragmentation.test\AquilaSolutions.LdesServer.Fragmentation.Test.csproj", "{A2A98192-A1D6-45EB-9003-75308EB270B3}"
EndProject
Global
	GlobalSection(SolutionConfigurationPlatforms) = preSolution
		Debug|Any CPU = Debug|Any CPU
		Release|Any CPU = Release|Any CPU
	EndGlobalSection
	GlobalSection(ProjectConfigurationPlatforms) = postSolution
		{79E9FD04-7BB8-49B0-9212-B3E546E3D68F}.Debug|Any CPU.ActiveCfg = Debug|Any CPU
		{79E9FD04-7BB8-49B0-9212-B3E546E3D68F}.Debug|Any CPU.Build.0 = Debug|Any CPU
		{79E9FD04-7BB8-49B0-9212-B3E546E3D68F}.Release|Any CPU.ActiveCfg = Release|Any CPU
		{79E9FD04-7BB8-49B0-9212-B3E546E3D68F}.Release|Any CPU.Build.0 = Release|Any CPU
		{A44BD4FC-4789-4D4F-B26E-83E00BCB611F}.Debug|Any CPU.ActiveCfg = Debug|Any CPU
		{A44BD4FC-4789-4D4F-B26E-83E00BCB611F}.Debug|Any CPU.Build.0 = Debug|Any CPU
		{A44BD4FC-4789-4D4F-B26E-83E00BCB611F}.Release|Any CPU.ActiveCfg = Release|Any CPU
		{A44BD4FC-4789-4D4F-B26E-83E00BCB611F}.Release|Any CPU.Build.0 = Release|Any CPU
		{42242518-5867-41EA-BE32-26C5E62ABA5C}.Debug|Any CPU.ActiveCfg = Debug|Any CPU
		{42242518-5867-41EA-BE32-26C5E62ABA5C}.Debug|Any CPU.Build.0 = Debug|Any CPU
		{42242518-5867-41EA-BE32-26C5E62ABA5C}.Release|Any CPU.ActiveCfg = Release|Any CPU
		{42242518-5867-41EA-BE32-26C5E62ABA5C}.Release|Any CPU.Build.0 = Release|Any CPU
		{2664296F-FB98-4137-A796-E9F4CBFA8182}.Debug|Any CPU.ActiveCfg = Debug|Any CPU
		{2664296F-FB98-4137-A796-E9F4CBFA8182}.Debug|Any CPU.Build.0 = Debug|Any CPU
		{2664296F-FB98-4137-A796-E9F4CBFA8182}.Release|Any CPU.ActiveCfg = Release|Any CPU
		{2664296F-FB98-4137-A796-E9F4CBFA8182}.Release|Any CPU.Build.0 = Release|Any CPU
		{BF9773E0-3AE3-499B-8D30-3D813C46D555}.Debug|Any CPU.ActiveCfg = Debug|Any CPU
		{BF9773E0-3AE3-499B-8D30-3D813C46D555}.Debug|Any CPU.Build.0 = Debug|Any CPU
		{BF9773E0-3AE3-499B-8D30-3D813C46D555}.Release|Any CPU.ActiveCfg = Release|Any CPU
		{BF9773E0-3AE3-499B-8D30-3D813C46D555}.Release|Any CPU.Build.0 = Release|Any CPU
		{8A87C6AC-1394-4723-955D-4996C6813DAF}.Debug|Any CPU.ActiveCfg = Debug|Any CPU
		{8A87C6AC-1394-4723-955D-4996C6813DAF}.Debug|Any CPU.Build.0 = Debug|Any CPU
		{8A87C6AC-1394-4723-955D-4996C6813DAF}.Release|Any CPU.ActiveCfg = Release|Any CPU
		{8A87C6AC-1394-4723-955D-4996C6813DAF}.Release|Any CPU.Build.0 = Release|Any CPU
		{51033042-23EF-4422-B126-71229A9EDDFB}.Debug|Any CPU.ActiveCfg = Debug|Any CPU
		{51033042-23EF-4422-B126-71229A9EDDFB}.Debug|Any CPU.Build.0 = Debug|Any CPU
		{51033042-23EF-4422-B126-71229A9EDDFB}.Release|Any CPU.ActiveCfg = Release|Any CPU
		{51033042-23EF-4422-B126-71229A9EDDFB}.Release|Any CPU.Build.0 = Release|Any CPU
		{C646062C-648B-4D3F-A696-D8002B828FD5}.Debug|Any CPU.ActiveCfg = Debug|Any CPU
		{C646062C-648B-4D3F-A696-D8002B828FD5}.Debug|Any CPU.Build.0 = Debug|Any CPU
		{C646062C-648B-4D3F-A696-D8002B828FD5}.Release|Any CPU.ActiveCfg = Release|Any CPU
		{C646062C-648B-4D3F-A696-D8002B828FD5}.Release|Any CPU.Build.0 = Release|Any CPU
		{9A6C4FCB-5FA8-4F66-A489-CAA1C5593DD0}.Debug|Any CPU.ActiveCfg = Debug|Any CPU
		{9A6C4FCB-5FA8-4F66-A489-CAA1C5593DD0}.Debug|Any CPU.Build.0 = Debug|Any CPU
		{9A6C4FCB-5FA8-4F66-A489-CAA1C5593DD0}.Release|Any CPU.ActiveCfg = Release|Any CPU
		{9A6C4FCB-5FA8-4F66-A489-CAA1C5593DD0}.Release|Any CPU.Build.0 = Release|Any CPU
		{34249450-8825-49A7-897D-477B3B64D2DA}.Debug|Any CPU.ActiveCfg = Debug|Any CPU
		{34249450-8825-49A7-897D-477B3B64D2DA}.Debug|Any CPU.Build.0 = Debug|Any CPU
		{34249450-8825-49A7-897D-477B3B64D2DA}.Release|Any CPU.ActiveCfg = Release|Any CPU
		{34249450-8825-49A7-897D-477B3B64D2DA}.Release|Any CPU.Build.0 = Release|Any CPU
		{0D1427DA-AA57-4BEC-BAE2-667F84165B14}.Debug|Any CPU.ActiveCfg = Debug|Any CPU
		{0D1427DA-AA57-4BEC-BAE2-667F84165B14}.Debug|Any CPU.Build.0 = Debug|Any CPU
		{0D1427DA-AA57-4BEC-BAE2-667F84165B14}.Release|Any CPU.ActiveCfg = Release|Any CPU
		{0D1427DA-AA57-4BEC-BAE2-667F84165B14}.Release|Any CPU.Build.0 = Release|Any CPU
		{9B31AFA0-8A79-45A2-A5D0-BF23637A8CF3}.Debug|Any CPU.ActiveCfg = Debug|Any CPU
		{9B31AFA0-8A79-45A2-A5D0-BF23637A8CF3}.Debug|Any CPU.Build.0 = Debug|Any CPU
		{9B31AFA0-8A79-45A2-A5D0-BF23637A8CF3}.Release|Any CPU.ActiveCfg = Release|Any CPU
		{9B31AFA0-8A79-45A2-A5D0-BF23637A8CF3}.Release|Any CPU.Build.0 = Release|Any CPU
		{C457A0D3-2700-4D1B-98C4-45278FE91B56}.Debug|Any CPU.ActiveCfg = Debug|Any CPU
		{C457A0D3-2700-4D1B-98C4-45278FE91B56}.Debug|Any CPU.Build.0 = Debug|Any CPU
		{C457A0D3-2700-4D1B-98C4-45278FE91B56}.Release|Any CPU.ActiveCfg = Release|Any CPU
		{C457A0D3-2700-4D1B-98C4-45278FE91B56}.Release|Any CPU.Build.0 = Release|Any CPU
		{A2A98192-A1D6-45EB-9003-75308EB270B3}.Debug|Any CPU.ActiveCfg = Debug|Any CPU
		{A2A98192-A1D6-45EB-9003-75308EB270B3}.Debug|Any CPU.Build.0 = Debug|Any CPU
		{A2A98192-A1D6-45EB-9003-75308EB270B3}.Release|Any CPU.ActiveCfg = Release|Any CPU
		{A2A98192-A1D6-45EB-9003-75308EB270B3}.Release|Any CPU.Build.0 = Release|Any CPU
	EndGlobalSection
EndGlobal
